
Microsoft Visual Studio Solution File, Format Version 12.00
# Visual Studio for Mac
Project("{FAE04EC0-301F-11D3-BF4B-00C04F79EFBC}") = "Assembly-CSharp", "Assembly-CSharp.csproj", "{63003CAB-A1BE-DF08-43E2-11A815D4407E}"
EndProject
Global
	GlobalSection(SolutionConfigurationPlatforms) = preSolution
		Debug|Any CPU = Debug|Any CPU
		Release|Any CPU = Release|Any CPU
	EndGlobalSection
	GlobalSection(ProjectConfigurationPlatforms) = postSolution
		{63003CAB-A1BE-DF08-43E2-11A815D4407E}.Debug|Any CPU.ActiveCfg = Debug|Any CPU
		{63003CAB-A1BE-DF08-43E2-11A815D4407E}.Debug|Any CPU.Build.0 = Debug|Any CPU
		{63003CAB-A1BE-DF08-43E2-11A815D4407E}.Release|Any CPU.ActiveCfg = Release|Any CPU
		{63003CAB-A1BE-DF08-43E2-11A815D4407E}.Release|Any CPU.Build.0 = Release|Any CPU
	EndGlobalSection
	GlobalSection(SolutionProperties) = preSolution
		HideSolutionNode = FALSE
	EndGlobalSection
EndGlobal
